
Microsoft Visual Studio Solution File, Format Version 12.00
# Visual Studio Version 17
VisualStudioVersion = 17.7.34031.279
MinimumVisualStudioVersion = 10.0.40219.1
Project("{FAE04EC0-301F-11D3-BF4B-00C04F79EFBC}") = "CQRSWithMadiator", "CQRSWithMadiator\CQRSWithMadiator.csproj", "{87263BD9-3535-463E-B0C0-67FCB27CEA4C}"
EndProject
Global
	GlobalSection(SolutionConfigurationPlatforms) = preSolution
		Debug|Any CPU = Debug|Any CPU
		Release|Any CPU = Release|Any CPU
	EndGlobalSection
	GlobalSection(ProjectConfigurationPlatforms) = postSolution
		{87263BD9-3535-463E-B0C0-67FCB27CEA4C}.Debug|Any CPU.ActiveCfg = Debug|Any CPU
		{87263BD9-3535-463E-B0C0-67FCB27CEA4C}.Debug|Any CPU.Build.0 = Debug|Any CPU
		{87263BD9-3535-463E-B0C0-67FCB27CEA4C}.Release|Any CPU.ActiveCfg = Release|Any CPU
		{87263BD9-3535-463E-B0C0-67FCB27CEA4C}.Release|Any CPU.Build.0 = Release|Any CPU
	EndGlobalSection
	GlobalSection(SolutionProperties) = preSolution
		HideSolutionNode = FALSE
	EndGlobalSection
	GlobalSection(ExtensibilityGlobals) = postSolution
		SolutionGuid = {EE43A090-3597-483D-8871-1DAB72BB66A1}
	EndGlobalSection
EndGlobal
